
Microsoft Visual Studio Solution File, Format Version 12.00
# Visual Studio Version 17
VisualStudioVersion = 17.8.34511.84
MinimumVisualStudioVersion = 10.0.40219.1
Project("{9A19103F-16F7-4668-BE54-9A1E7A4F7556}") = "QMS", "QMS.csproj", "{BC451638-D9EC-4AB7-A81D-C8FAC20E2D8B}"
EndProject
Project("{9A19103F-16F7-4668-BE54-9A1E7A4F7556}") = "QMS.Share", "..\QMS.Share\QMS.Share.csproj", "{427DB31D-E1C1-4756-B1B9-53DF7310EF92}"
EndProject
Project("{FAE04EC0-301F-11D3-BF4B-00C04F79EFBC}") = "QMS.Core", "..\QMS.Core\QMS.Core.csproj", "{CC8263ED-C830-4D54-80F1-4ED69804EE9D}"
EndProject
Global
	GlobalSection(SolutionConfigurationPlatforms) = preSolution
		Debug|Any CPU = Debug|Any CPU
		Release|Any CPU = Release|Any CPU
	EndGlobalSection
	GlobalSection(ProjectConfigurationPlatforms) = postSolution
		{BC451638-D9EC-4AB7-A81D-C8FAC20E2D8B}.Debug|Any CPU.ActiveCfg = Debug|Any CPU
		{BC451638-D9EC-4AB7-A81D-C8FAC20E2D8B}.Debug|Any CPU.Build.0 = Debug|Any CPU
		{BC451638-D9EC-4AB7-A81D-C8FAC20E2D8B}.Release|Any CPU.ActiveCfg = Release|Any CPU
		{BC451638-D9EC-4AB7-A81D-C8FAC20E2D8B}.Release|Any CPU.Build.0 = Release|Any CPU
		{427DB31D-E1C1-4756-B1B9-53DF7310EF92}.Debug|Any CPU.ActiveCfg = Debug|Any CPU
		{427DB31D-E1C1-4756-B1B9-53DF7310EF92}.Debug|Any CPU.Build.0 = Debug|Any CPU
		{427DB31D-E1C1-4756-B1B9-53DF7310EF92}.Release|Any CPU.ActiveCfg = Release|Any CPU
		{427DB31D-E1C1-4756-B1B9-53DF7310EF92}.Release|Any CPU.Build.0 = Release|Any CPU
		{CC8263ED-C830-4D54-80F1-4ED69804EE9D}.Debug|Any CPU.ActiveCfg = Debug|Any CPU
		{CC8263ED-C830-4D54-80F1-4ED69804EE9D}.Debug|Any CPU.Build.0 = Debug|Any CPU
		{CC8263ED-C830-4D54-80F1-4ED69804EE9D}.Release|Any CPU.ActiveCfg = Release|Any CPU
		{CC8263ED-C830-4D54-80F1-4ED69804EE9D}.Release|Any CPU.Build.0 = Release|Any CPU
	EndGlobalSection
	GlobalSection(SolutionProperties) = preSolution
		HideSolutionNode = FALSE
	EndGlobalSection
	GlobalSection(ExtensibilityGlobals) = postSolution
		SolutionGuid = {D1B6562D-860A-4CE4-B813-2B90BF11EB17}
	EndGlobalSection
EndGlobal
